
Microsoft Visual Studio Solution File, Format Version 12.00
# Visual Studio Version 17
VisualStudioVersion = 17.13.35931.197
MinimumVisualStudioVersion = 10.0.40219.1
Project("{FAE04EC0-301F-11D3-BF4B-00C04F79EFBC}") = "ConsoleApp1", "ConsoleApp1\ConsoleApp1.csproj", "{C08F704A-FD4D-439E-87B2-354CD9A8FE64}"
EndProject
Project("{FAE04EC0-301F-11D3-BF4B-00C04F79EFBC}") = "ConsoleApp2", "ConsoleApp2\ConsoleApp2.csproj", "{2C82FAA0-8C29-4F97-8601-CBFBF9A4FABC}"
EndProject
Project("{FAE04EC0-301F-11D3-BF4B-00C04F79EFBC}") = "ConsoleApp4", "ConsoleApp4\ConsoleApp4.csproj", "{9C227DCB-0CEC-4414-A100-1A9EFDD60624}"
EndProject
Project("{FAE04EC0-301F-11D3-BF4B-00C04F79EFBC}") = "ConsoleApp5", "ConsoleApp5\ConsoleApp5.csproj", "{F87A3516-861B-46A8-BCDD-AD8B0F0FE2E1}"
EndProject
Project("{FAE04EC0-301F-11D3-BF4B-00C04F79EFBC}") = "ConsoleApp6", "ConsoleApp6\ConsoleApp6.csproj", "{29C2CC20-DFE3-4D8F-93A9-BBEE04ED470F}"
EndProject
Project("{FAE04EC0-301F-11D3-BF4B-00C04F79EFBC}") = "ConsoleApp7", "ConsoleApp7\ConsoleApp7.csproj", "{7C075918-F77C-4ACE-975B-15520337E6A6}"
EndProject
Project("{FAE04EC0-301F-11D3-BF4B-00C04F79EFBC}") = "ATIVIDADE 1", "ConsoleApp8\ATIVIDADE 1.csproj", "{A6CE2A6A-3ED9-4398-BA46-3B458A6438D5}"
EndProject
Project("{FAE04EC0-301F-11D3-BF4B-00C04F79EFBC}") = "ATIVIDADE 2", "ATIVIDADE 2\ATIVIDADE 2.csproj", "{26BD82DE-500A-4D55-A5D1-94BFA5EF9D64}"
EndProject
Project("{FAE04EC0-301F-11D3-BF4B-00C04F79EFBC}") = "ATIVIDADE OVERLOAD 1", "ATIVIDADE OVERLOAD 1\ATIVIDADE OVERLOAD 1.csproj", "{02D63787-015D-4694-9BAA-9FF6AD9F4819}"
EndProject
Project("{FAE04EC0-301F-11D3-BF4B-00C04F79EFBC}") = "ATIVIDADE OVERRIDE 2", "ATIVIDADE OVERRIDE 2\ATIVIDADE OVERRIDE 2.csproj", "{9201DB76-EA2C-44C0-9CB8-3A88E3D9619B}"
EndProject
Global
	GlobalSection(SolutionConfigurationPlatforms) = preSolution
		Debug|Any CPU = Debug|Any CPU
		Release|Any CPU = Release|Any CPU
	EndGlobalSection
	GlobalSection(ProjectConfigurationPlatforms) = postSolution
		{C08F704A-FD4D-439E-87B2-354CD9A8FE64}.Debug|Any CPU.ActiveCfg = Debug|Any CPU
		{C08F704A-FD4D-439E-87B2-354CD9A8FE64}.Debug|Any CPU.Build.0 = Debug|Any CPU
		{C08F704A-FD4D-439E-87B2-354CD9A8FE64}.Release|Any CPU.ActiveCfg = Release|Any CPU
		{C08F704A-FD4D-439E-87B2-354CD9A8FE64}.Release|Any CPU.Build.0 = Release|Any CPU
		{2C82FAA0-8C29-4F97-8601-CBFBF9A4FABC}.Debug|Any CPU.ActiveCfg = Debug|Any CPU
		{2C82FAA0-8C29-4F97-8601-CBFBF9A4FABC}.Debug|Any CPU.Build.0 = Debug|Any CPU
		{2C82FAA0-8C29-4F97-8601-CBFBF9A4FABC}.Release|Any CPU.ActiveCfg = Release|Any CPU
		{2C82FAA0-8C29-4F97-8601-CBFBF9A4FABC}.Release|Any CPU.Build.0 = Release|Any CPU
		{9C227DCB-0CEC-4414-A100-1A9EFDD60624}.Debug|Any CPU.ActiveCfg = Debug|Any CPU
		{9C227DCB-0CEC-4414-A100-1A9EFDD60624}.Debug|Any CPU.Build.0 = Debug|Any CPU
		{9C227DCB-0CEC-4414-A100-1A9EFDD60624}.Release|Any CPU.ActiveCfg = Release|Any CPU
		{9C227DCB-0CEC-4414-A100-1A9EFDD60624}.Release|Any CPU.Build.0 = Release|Any CPU
		{F87A3516-861B-46A8-BCDD-AD8B0F0FE2E1}.Debug|Any CPU.ActiveCfg = Debug|Any CPU
		{F87A3516-861B-46A8-BCDD-AD8B0F0FE2E1}.Debug|Any CPU.Build.0 = Debug|Any CPU
		{F87A3516-861B-46A8-BCDD-AD8B0F0FE2E1}.Release|Any CPU.ActiveCfg = Release|Any CPU
		{F87A3516-861B-46A8-BCDD-AD8B0F0FE2E1}.Release|Any CPU.Build.0 = Release|Any CPU
		{29C2CC20-DFE3-4D8F-93A9-BBEE04ED470F}.Debug|Any CPU.ActiveCfg = Debug|Any CPU
		{29C2CC20-DFE3-4D8F-93A9-BBEE04ED470F}.Debug|Any CPU.Build.0 = Debug|Any CPU
		{29C2CC20-DFE3-4D8F-93A9-BBEE04ED470F}.Release|Any CPU.ActiveCfg = Release|Any CPU
		{29C2CC20-DFE3-4D8F-93A9-BBEE04ED470F}.Release|Any CPU.Build.0 = Release|Any CPU
		{7C075918-F77C-4ACE-975B-15520337E6A6}.Debug|Any CPU.ActiveCfg = Debug|Any CPU
		{7C075918-F77C-4ACE-975B-15520337E6A6}.Debug|Any CPU.Build.0 = Debug|Any CPU
		{7C075918-F77C-4ACE-975B-15520337E6A6}.Release|Any CPU.ActiveCfg = Release|Any CPU
		{7C075918-F77C-4ACE-975B-15520337E6A6}.Release|Any CPU.Build.0 = Release|Any CPU
		{A6CE2A6A-3ED9-4398-BA46-3B458A6438D5}.Debug|Any CPU.ActiveCfg = Debug|Any CPU
		{A6CE2A6A-3ED9-4398-BA46-3B458A6438D5}.Debug|Any CPU.Build.0 = Debug|Any CPU
		{A6CE2A6A-3ED9-4398-BA46-3B458A6438D5}.Release|Any CPU.ActiveCfg = Release|Any CPU
		{A6CE2A6A-3ED9-4398-BA46-3B458A6438D5}.Release|Any CPU.Build.0 = Release|Any CPU
		{26BD82DE-500A-4D55-A5D1-94BFA5EF9D64}.Debug|Any CPU.ActiveCfg = Debug|Any CPU
		{26BD82DE-500A-4D55-A5D1-94BFA5EF9D64}.Debug|Any CPU.Build.0 = Debug|Any CPU
		{26BD82DE-500A-4D55-A5D1-94BFA5EF9D64}.Release|Any CPU.ActiveCfg = Release|Any CPU
		{26BD82DE-500A-4D55-A5D1-94BFA5EF9D64}.Release|Any CPU.Build.0 = Release|Any CPU
		{02D63787-015D-4694-9BAA-9FF6AD9F4819}.Debug|Any CPU.ActiveCfg = Debug|Any CPU
		{02D63787-015D-4694-9BAA-9FF6AD9F4819}.Debug|Any CPU.Build.0 = Debug|Any CPU
		{02D63787-015D-4694-9BAA-9FF6AD9F4819}.Release|Any CPU.ActiveCfg = Release|Any CPU
		{02D63787-015D-4694-9BAA-9FF6AD9F4819}.Release|Any CPU.Build.0 = Release|Any CPU
		{9201DB76-EA2C-44C0-9CB8-3A88E3D9619B}.Debug|Any CPU.ActiveCfg = Debug|Any CPU
		{9201DB76-EA2C-44C0-9CB8-3A88E3D9619B}.Debug|Any CPU.Build.0 = Debug|Any CPU
		{9201DB76-EA2C-44C0-9CB8-3A88E3D9619B}.Release|Any CPU.ActiveCfg = Release|Any CPU
		{9201DB76-EA2C-44C0-9CB8-3A88E3D9619B}.Release|Any CPU.Build.0 = Release|Any CPU
	EndGlobalSection
	GlobalSection(SolutionProperties) = preSolution
		HideSolutionNode = FALSE
	EndGlobalSection
	GlobalSection(ExtensibilityGlobals) = postSolution
		SolutionGuid = {6C99F35E-71B1-4C3A-8B0B-921569A7E7B7}
	EndGlobalSection
EndGlobal
